
Microsoft Visual Studio Solution File, Format Version 12.00
# Visual Studio 15
VisualStudioVersion = 15.0.26124.0
MinimumVisualStudioVersion = 15.0.26124.0
Project("{2150E333-8FDC-42A3-9474-1A3956D46DE8}") = "services", "services", "{8EE5F82A-74F3-4634-A49A-6EA6A49A2B4C}"
EndProject
Project("{2150E333-8FDC-42A3-9474-1A3956D46DE8}") = "ShopOnline", "ShopOnline", "{5589350A-6A19-49C7-B51D-A3F95B3383F4}"
EndProject
Project("{9A19103F-16F7-4668-BE54-9A1E7A4F7556}") = "Bountique.Api", "services\ShopOnline\Bountique.Api\Bountique.Api.csproj", "{6A806C65-75CA-4E25-A2BC-B0F506D7E012}"
EndProject
Project("{9A19103F-16F7-4668-BE54-9A1E7A4F7556}") = "Boutique", "services\ShopOnline\Boutique\Boutique.csproj", "{8ADE6226-3F54-4941-92F0-269EEF863824}"
EndProject
Project("{9A19103F-16F7-4668-BE54-9A1E7A4F7556}") = "Boutique.Presentation", "services\ShopOnline\Boutique.Presentation\Boutique.Presentation.csproj", "{1467B542-84C9-4FBB-BAEF-EE9C34398B3D}"
EndProject
Project("{2150E333-8FDC-42A3-9474-1A3956D46DE8}") = "Test", "Test", "{DB1E92D6-D763-443D-8E37-FE70F2A410B5}"
EndProject
Project("{9A19103F-16F7-4668-BE54-9A1E7A4F7556}") = "Boutique.EndToEnd", "services\ShopOnline\Test\Boutique.EndToEnd\Boutique.EndToEnd.csproj", "{E5BCC4D8-98D6-4A54-974C-D7AE1BC68579}"
EndProject
Project("{2150E333-8FDC-42A3-9474-1A3956D46DE8}") = "CI_CD", "CI_CD", "{555069A4-15AC-4BC1-B8E1-215DC9F8B9BC}"
	ProjectSection(SolutionItems) = preProject
		.gitignore = .gitignore
		.travis.yml = .travis.yml
		buildspec.yml = buildspec.yml
		Dockerfile.Development = Dockerfile.Development
		Dockerfile.Production = Dockerfile.Production
		travis.sql = travis.sql
	EndProjectSection
EndProject
Project("{2150E333-8FDC-42A3-9474-1A3956D46DE8}") = "Infrastructure", "Infrastructure", "{C275BDEC-91AF-4C14-BB67-CBDF9BDEBEB6}"
EndProject
Project("{9A19103F-16F7-4668-BE54-9A1E7A4F7556}") = "Cqrs", "Infrastructure\Cqrs\Cqrs.csproj", "{7AE3AEF7-5B2A-4E89-B91D-94DB1F982EC8}"
EndProject
Project("{2150E333-8FDC-42A3-9474-1A3956D46DE8}") = "DevelopmentTools", "DevelopmentTools", "{D853EF6A-6105-40E4-BF58-30BDF02ACB00}"
EndProject
Project("{9A19103F-16F7-4668-BE54-9A1E7A4F7556}") = "SqlServices", "Infrastructure\SqlService\SqlServices.csproj", "{78694ABF-9F62-4ABE-ABE8-FE330DC7061F}"
EndProject
Project("{9A19103F-16F7-4668-BE54-9A1E7A4F7556}") = "Auth", "Infrastructure\Auth\Auth.csproj", "{74537E10-5BA4-4AA4-98AB-89F0D057A2A9}"
EndProject
Project("{9A19103F-16F7-4668-BE54-9A1E7A4F7556}") = "RabbitMQ", "Infrastructure\RabbitMQ\RabbitMQ.csproj", "{0FE4FC29-55F7-4860-91F7-68EC31E44962}"
EndProject
Project("{9A19103F-16F7-4668-BE54-9A1E7A4F7556}") = "DatabaseDeploy", "DevelopmentTools\DatabaseDeploy\DatabaseDeploy.csproj", "{74A6F737-2551-40F9-A48D-F71C42F93DC1}"
EndProject
Project("{9A19103F-16F7-4668-BE54-9A1E7A4F7556}") = "Boutique.EventBusSubscriber.api", "services\ShopOnline\Boutique.EventBusSubscriber.api\Boutique.EventBusSubscriber.api.csproj", "{B97F0D37-42CB-4773-B484-6D438B074457}"
EndProject
Project("{9A19103F-16F7-4668-BE54-9A1E7A4F7556}") = "Boutique.Infrastructure.UnitTests", "services\ShopOnline\Test\Boutique.Infrastructure.UnitTests\Boutique.Infrastructure.UnitTests.csproj", "{C9123F98-66D4-4620-82D7-47E2AB326480}"
EndProject
Project("{9A19103F-16F7-4668-BE54-9A1E7A4F7556}") = "RabbitMQ.UnitTests", "Infrastructure\Test\RabbitMQ.UnitTests\RabbitMQ.UnitTests.csproj", "{18BAA467-E67B-4DBD-8A6F-8832E07F125E}"
EndProject
Project("{2150E333-8FDC-42A3-9474-1A3956D46DE8}") = "Test", "Test", "{A2668572-B0F9-43BC-8C31-0F8A6EB9812E}"
EndProject
Project("{2150E333-8FDC-42A3-9474-1A3956D46DE8}") = "Schedulers", "Schedulers", "{EA94888D-7995-4762-9DB4-A05ACEFEC2D8}"
EndProject
Project("{2150E333-8FDC-42A3-9474-1A3956D46DE8}") = "EventSource", "EventSource", "{6B9C6C07-4699-46CB-89C8-80651E848ACB}"
EndProject
Project("{9A19103F-16F7-4668-BE54-9A1E7A4F7556}") = "EventSourceScheduler", "EventSourceScheduler\EventSourceScheduler.csproj", "{2D4B4905-B108-4C56-AA1C-6C069418B114}"
EndProject
Project("{00D1A9C2-B5F0-4AF3-8072-F6C62B433612}") = "Boutique.Database", "Infrastructure\Boutique.Database\Boutique.Database.sqlproj", "{DBFA97F1-D933-457A-809B-D639723DE6A2}"
EndProject
Project("{FAE04EC0-301F-11D3-BF4B-00C04F79EFBC}") = "DDD", "Infrastructure\DDD\DDD.csproj", "{6A270A9B-1F06-4E44-986D-26F1197F76D0}"
EndProject
Global
	GlobalSection(SolutionConfigurationPlatforms) = preSolution
		Debug|Any CPU = Debug|Any CPU
		Debug|x64 = Debug|x64
		Debug|x86 = Debug|x86
		Release|Any CPU = Release|Any CPU
		Release|x64 = Release|x64
		Release|x86 = Release|x86
	EndGlobalSection
	GlobalSection(ProjectConfigurationPlatforms) = postSolution
		{6A806C65-75CA-4E25-A2BC-B0F506D7E012}.Debug|Any CPU.ActiveCfg = Debug|Any CPU
		{6A806C65-75CA-4E25-A2BC-B0F506D7E012}.Debug|Any CPU.Build.0 = Debug|Any CPU
		{6A806C65-75CA-4E25-A2BC-B0F506D7E012}.Debug|x64.ActiveCfg = Debug|Any CPU
		{6A806C65-75CA-4E25-A2BC-B0F506D7E012}.Debug|x64.Build.0 = Debug|Any CPU
		{6A806C65-75CA-4E25-A2BC-B0F506D7E012}.Debug|x86.ActiveCfg = Debug|Any CPU
		{6A806C65-75CA-4E25-A2BC-B0F506D7E012}.Debug|x86.Build.0 = Debug|Any CPU
		{6A806C65-75CA-4E25-A2BC-B0F506D7E012}.Release|Any CPU.ActiveCfg = Release|Any CPU
		{6A806C65-75CA-4E25-A2BC-B0F506D7E012}.Release|Any CPU.Build.0 = Release|Any CPU
		{6A806C65-75CA-4E25-A2BC-B0F506D7E012}.Release|x64.ActiveCfg = Release|Any CPU
		{6A806C65-75CA-4E25-A2BC-B0F506D7E012}.Release|x64.Build.0 = Release|Any CPU
		{6A806C65-75CA-4E25-A2BC-B0F506D7E012}.Release|x86.ActiveCfg = Release|Any CPU
		{6A806C65-75CA-4E25-A2BC-B0F506D7E012}.Release|x86.Build.0 = Release|Any CPU
		{8ADE6226-3F54-4941-92F0-269EEF863824}.Debug|Any CPU.ActiveCfg = Debug|Any CPU
		{8ADE6226-3F54-4941-92F0-269EEF863824}.Debug|Any CPU.Build.0 = Debug|Any CPU
		{8ADE6226-3F54-4941-92F0-269EEF863824}.Debug|x64.ActiveCfg = Debug|Any CPU
		{8ADE6226-3F54-4941-92F0-269EEF863824}.Debug|x64.Build.0 = Debug|Any CPU
		{8ADE6226-3F54-4941-92F0-269EEF863824}.Debug|x86.ActiveCfg = Debug|Any CPU
		{8ADE6226-3F54-4941-92F0-269EEF863824}.Debug|x86.Build.0 = Debug|Any CPU
		{8ADE6226-3F54-4941-92F0-269EEF863824}.Release|Any CPU.ActiveCfg = Release|Any CPU
		{8ADE6226-3F54-4941-92F0-269EEF863824}.Release|Any CPU.Build.0 = Release|Any CPU
		{8ADE6226-3F54-4941-92F0-269EEF863824}.Release|x64.ActiveCfg = Release|Any CPU
		{8ADE6226-3F54-4941-92F0-269EEF863824}.Release|x64.Build.0 = Release|Any CPU
		{8ADE6226-3F54-4941-92F0-269EEF863824}.Release|x86.ActiveCfg = Release|Any CPU
		{8ADE6226-3F54-4941-92F0-269EEF863824}.Release|x86.Build.0 = Release|Any CPU
		{1467B542-84C9-4FBB-BAEF-EE9C34398B3D}.Debug|Any CPU.ActiveCfg = Debug|Any CPU
		{1467B542-84C9-4FBB-BAEF-EE9C34398B3D}.Debug|Any CPU.Build.0 = Debug|Any CPU
		{1467B542-84C9-4FBB-BAEF-EE9C34398B3D}.Debug|x64.ActiveCfg = Debug|Any CPU
		{1467B542-84C9-4FBB-BAEF-EE9C34398B3D}.Debug|x64.Build.0 = Debug|Any CPU
		{1467B542-84C9-4FBB-BAEF-EE9C34398B3D}.Debug|x86.ActiveCfg = Debug|Any CPU
		{1467B542-84C9-4FBB-BAEF-EE9C34398B3D}.Debug|x86.Build.0 = Debug|Any CPU
		{1467B542-84C9-4FBB-BAEF-EE9C34398B3D}.Release|Any CPU.ActiveCfg = Release|Any CPU
		{1467B542-84C9-4FBB-BAEF-EE9C34398B3D}.Release|Any CPU.Build.0 = Release|Any CPU
		{1467B542-84C9-4FBB-BAEF-EE9C34398B3D}.Release|x64.ActiveCfg = Release|Any CPU
		{1467B542-84C9-4FBB-BAEF-EE9C34398B3D}.Release|x64.Build.0 = Release|Any CPU
		{1467B542-84C9-4FBB-BAEF-EE9C34398B3D}.Release|x86.ActiveCfg = Release|Any CPU
		{1467B542-84C9-4FBB-BAEF-EE9C34398B3D}.Release|x86.Build.0 = Release|Any CPU
		{E5BCC4D8-98D6-4A54-974C-D7AE1BC68579}.Debug|Any CPU.ActiveCfg = Debug|Any CPU
		{E5BCC4D8-98D6-4A54-974C-D7AE1BC68579}.Debug|Any CPU.Build.0 = Debug|Any CPU
		{E5BCC4D8-98D6-4A54-974C-D7AE1BC68579}.Debug|x64.ActiveCfg = Debug|Any CPU
		{E5BCC4D8-98D6-4A54-974C-D7AE1BC68579}.Debug|x64.Build.0 = Debug|Any CPU
		{E5BCC4D8-98D6-4A54-974C-D7AE1BC68579}.Debug|x86.ActiveCfg = Debug|Any CPU
		{E5BCC4D8-98D6-4A54-974C-D7AE1BC68579}.Debug|x86.Build.0 = Debug|Any CPU
		{E5BCC4D8-98D6-4A54-974C-D7AE1BC68579}.Release|Any CPU.ActiveCfg = Release|Any CPU
		{E5BCC4D8-98D6-4A54-974C-D7AE1BC68579}.Release|Any CPU.Build.0 = Release|Any CPU
		{E5BCC4D8-98D6-4A54-974C-D7AE1BC68579}.Release|x64.ActiveCfg = Release|Any CPU
		{E5BCC4D8-98D6-4A54-974C-D7AE1BC68579}.Release|x64.Build.0 = Release|Any CPU
		{E5BCC4D8-98D6-4A54-974C-D7AE1BC68579}.Release|x86.ActiveCfg = Release|Any CPU
		{E5BCC4D8-98D6-4A54-974C-D7AE1BC68579}.Release|x86.Build.0 = Release|Any CPU
		{7AE3AEF7-5B2A-4E89-B91D-94DB1F982EC8}.Debug|Any CPU.ActiveCfg = Debug|Any CPU
		{7AE3AEF7-5B2A-4E89-B91D-94DB1F982EC8}.Debug|Any CPU.Build.0 = Debug|Any CPU
		{7AE3AEF7-5B2A-4E89-B91D-94DB1F982EC8}.Debug|x64.ActiveCfg = Debug|Any CPU
		{7AE3AEF7-5B2A-4E89-B91D-94DB1F982EC8}.Debug|x64.Build.0 = Debug|Any CPU
		{7AE3AEF7-5B2A-4E89-B91D-94DB1F982EC8}.Debug|x86.ActiveCfg = Debug|Any CPU
		{7AE3AEF7-5B2A-4E89-B91D-94DB1F982EC8}.Debug|x86.Build.0 = Debug|Any CPU
		{7AE3AEF7-5B2A-4E89-B91D-94DB1F982EC8}.Release|Any CPU.ActiveCfg = Release|Any CPU
		{7AE3AEF7-5B2A-4E89-B91D-94DB1F982EC8}.Release|Any CPU.Build.0 = Release|Any CPU
		{7AE3AEF7-5B2A-4E89-B91D-94DB1F982EC8}.Release|x64.ActiveCfg = Release|Any CPU
		{7AE3AEF7-5B2A-4E89-B91D-94DB1F982EC8}.Release|x64.Build.0 = Release|Any CPU
		{7AE3AEF7-5B2A-4E89-B91D-94DB1F982EC8}.Release|x86.ActiveCfg = Release|Any CPU
		{7AE3AEF7-5B2A-4E89-B91D-94DB1F982EC8}.Release|x86.Build.0 = Release|Any CPU
		{78694ABF-9F62-4ABE-ABE8-FE330DC7061F}.Debug|Any CPU.ActiveCfg = Debug|Any CPU
		{78694ABF-9F62-4ABE-ABE8-FE330DC7061F}.Debug|Any CPU.Build.0 = Debug|Any CPU
		{78694ABF-9F62-4ABE-ABE8-FE330DC7061F}.Debug|x64.ActiveCfg = Debug|Any CPU
		{78694ABF-9F62-4ABE-ABE8-FE330DC7061F}.Debug|x64.Build.0 = Debug|Any CPU
		{78694ABF-9F62-4ABE-ABE8-FE330DC7061F}.Debug|x86.ActiveCfg = Debug|Any CPU
		{78694ABF-9F62-4ABE-ABE8-FE330DC7061F}.Debug|x86.Build.0 = Debug|Any CPU
		{78694ABF-9F62-4ABE-ABE8-FE330DC7061F}.Release|Any CPU.ActiveCfg = Release|Any CPU
		{78694ABF-9F62-4ABE-ABE8-FE330DC7061F}.Release|Any CPU.Build.0 = Release|Any CPU
		{78694ABF-9F62-4ABE-ABE8-FE330DC7061F}.Release|x64.ActiveCfg = Release|Any CPU
		{78694ABF-9F62-4ABE-ABE8-FE330DC7061F}.Release|x64.Build.0 = Release|Any CPU
		{78694ABF-9F62-4ABE-ABE8-FE330DC7061F}.Release|x86.ActiveCfg = Release|Any CPU
		{78694ABF-9F62-4ABE-ABE8-FE330DC7061F}.Release|x86.Build.0 = Release|Any CPU
		{74537E10-5BA4-4AA4-98AB-89F0D057A2A9}.Debug|Any CPU.ActiveCfg = Debug|Any CPU
		{74537E10-5BA4-4AA4-98AB-89F0D057A2A9}.Debug|Any CPU.Build.0 = Debug|Any CPU
		{74537E10-5BA4-4AA4-98AB-89F0D057A2A9}.Debug|x64.ActiveCfg = Debug|Any CPU
		{74537E10-5BA4-4AA4-98AB-89F0D057A2A9}.Debug|x64.Build.0 = Debug|Any CPU
		{74537E10-5BA4-4AA4-98AB-89F0D057A2A9}.Debug|x86.ActiveCfg = Debug|Any CPU
		{74537E10-5BA4-4AA4-98AB-89F0D057A2A9}.Debug|x86.Build.0 = Debug|Any CPU
		{74537E10-5BA4-4AA4-98AB-89F0D057A2A9}.Release|Any CPU.ActiveCfg = Release|Any CPU
		{74537E10-5BA4-4AA4-98AB-89F0D057A2A9}.Release|Any CPU.Build.0 = Release|Any CPU
		{74537E10-5BA4-4AA4-98AB-89F0D057A2A9}.Release|x64.ActiveCfg = Release|Any CPU
		{74537E10-5BA4-4AA4-98AB-89F0D057A2A9}.Release|x64.Build.0 = Release|Any CPU
		{74537E10-5BA4-4AA4-98AB-89F0D057A2A9}.Release|x86.ActiveCfg = Release|Any CPU
		{74537E10-5BA4-4AA4-98AB-89F0D057A2A9}.Release|x86.Build.0 = Release|Any CPU
		{0FE4FC29-55F7-4860-91F7-68EC31E44962}.Debug|Any CPU.ActiveCfg = Debug|Any CPU
		{0FE4FC29-55F7-4860-91F7-68EC31E44962}.Debug|Any CPU.Build.0 = Debug|Any CPU
		{0FE4FC29-55F7-4860-91F7-68EC31E44962}.Debug|x64.ActiveCfg = Debug|Any CPU
		{0FE4FC29-55F7-4860-91F7-68EC31E44962}.Debug|x64.Build.0 = Debug|Any CPU
		{0FE4FC29-55F7-4860-91F7-68EC31E44962}.Debug|x86.ActiveCfg = Debug|Any CPU
		{0FE4FC29-55F7-4860-91F7-68EC31E44962}.Debug|x86.Build.0 = Debug|Any CPU
		{0FE4FC29-55F7-4860-91F7-68EC31E44962}.Release|Any CPU.ActiveCfg = Release|Any CPU
		{0FE4FC29-55F7-4860-91F7-68EC31E44962}.Release|Any CPU.Build.0 = Release|Any CPU
		{0FE4FC29-55F7-4860-91F7-68EC31E44962}.Release|x64.ActiveCfg = Release|Any CPU
		{0FE4FC29-55F7-4860-91F7-68EC31E44962}.Release|x64.Build.0 = Release|Any CPU
		{0FE4FC29-55F7-4860-91F7-68EC31E44962}.Release|x86.ActiveCfg = Release|Any CPU
		{0FE4FC29-55F7-4860-91F7-68EC31E44962}.Release|x86.Build.0 = Release|Any CPU
		{74A6F737-2551-40F9-A48D-F71C42F93DC1}.Debug|Any CPU.ActiveCfg = Debug|Any CPU
		{74A6F737-2551-40F9-A48D-F71C42F93DC1}.Debug|Any CPU.Build.0 = Debug|Any CPU
		{74A6F737-2551-40F9-A48D-F71C42F93DC1}.Debug|x64.ActiveCfg = Debug|Any CPU
		{74A6F737-2551-40F9-A48D-F71C42F93DC1}.Debug|x64.Build.0 = Debug|Any CPU
		{74A6F737-2551-40F9-A48D-F71C42F93DC1}.Debug|x86.ActiveCfg = Debug|Any CPU
		{74A6F737-2551-40F9-A48D-F71C42F93DC1}.Debug|x86.Build.0 = Debug|Any CPU
		{74A6F737-2551-40F9-A48D-F71C42F93DC1}.Release|Any CPU.ActiveCfg = Release|Any CPU
		{74A6F737-2551-40F9-A48D-F71C42F93DC1}.Release|Any CPU.Build.0 = Release|Any CPU
		{74A6F737-2551-40F9-A48D-F71C42F93DC1}.Release|x64.ActiveCfg = Release|Any CPU
		{74A6F737-2551-40F9-A48D-F71C42F93DC1}.Release|x64.Build.0 = Release|Any CPU
		{74A6F737-2551-40F9-A48D-F71C42F93DC1}.Release|x86.ActiveCfg = Release|Any CPU
		{74A6F737-2551-40F9-A48D-F71C42F93DC1}.Release|x86.Build.0 = Release|Any CPU
		{B97F0D37-42CB-4773-B484-6D438B074457}.Debug|Any CPU.ActiveCfg = Debug|Any CPU
		{B97F0D37-42CB-4773-B484-6D438B074457}.Debug|Any CPU.Build.0 = Debug|Any CPU
		{B97F0D37-42CB-4773-B484-6D438B074457}.Debug|x64.ActiveCfg = Debug|Any CPU
		{B97F0D37-42CB-4773-B484-6D438B074457}.Debug|x64.Build.0 = Debug|Any CPU
		{B97F0D37-42CB-4773-B484-6D438B074457}.Debug|x86.ActiveCfg = Debug|Any CPU
		{B97F0D37-42CB-4773-B484-6D438B074457}.Debug|x86.Build.0 = Debug|Any CPU
		{B97F0D37-42CB-4773-B484-6D438B074457}.Release|Any CPU.ActiveCfg = Release|Any CPU
		{B97F0D37-42CB-4773-B484-6D438B074457}.Release|Any CPU.Build.0 = Release|Any CPU
		{B97F0D37-42CB-4773-B484-6D438B074457}.Release|x64.ActiveCfg = Release|Any CPU
		{B97F0D37-42CB-4773-B484-6D438B074457}.Release|x64.Build.0 = Release|Any CPU
		{B97F0D37-42CB-4773-B484-6D438B074457}.Release|x86.ActiveCfg = Release|Any CPU
		{B97F0D37-42CB-4773-B484-6D438B074457}.Release|x86.Build.0 = Release|Any CPU
		{C9123F98-66D4-4620-82D7-47E2AB326480}.Debug|Any CPU.ActiveCfg = Debug|Any CPU
		{C9123F98-66D4-4620-82D7-47E2AB326480}.Debug|Any CPU.Build.0 = Debug|Any CPU
		{C9123F98-66D4-4620-82D7-47E2AB326480}.Debug|x64.ActiveCfg = Debug|Any CPU
		{C9123F98-66D4-4620-82D7-47E2AB326480}.Debug|x64.Build.0 = Debug|Any CPU
		{C9123F98-66D4-4620-82D7-47E2AB326480}.Debug|x86.ActiveCfg = Debug|Any CPU
		{C9123F98-66D4-4620-82D7-47E2AB326480}.Debug|x86.Build.0 = Debug|Any CPU
		{C9123F98-66D4-4620-82D7-47E2AB326480}.Release|Any CPU.ActiveCfg = Release|Any CPU
		{C9123F98-66D4-4620-82D7-47E2AB326480}.Release|Any CPU.Build.0 = Release|Any CPU
		{C9123F98-66D4-4620-82D7-47E2AB326480}.Release|x64.ActiveCfg = Release|Any CPU
		{C9123F98-66D4-4620-82D7-47E2AB326480}.Release|x64.Build.0 = Release|Any CPU
		{C9123F98-66D4-4620-82D7-47E2AB326480}.Release|x86.ActiveCfg = Release|Any CPU
		{C9123F98-66D4-4620-82D7-47E2AB326480}.Release|x86.Build.0 = Release|Any CPU
		{18BAA467-E67B-4DBD-8A6F-8832E07F125E}.Debug|Any CPU.ActiveCfg = Debug|Any CPU
		{18BAA467-E67B-4DBD-8A6F-8832E07F125E}.Debug|Any CPU.Build.0 = Debug|Any CPU
		{18BAA467-E67B-4DBD-8A6F-8832E07F125E}.Debug|x64.ActiveCfg = Debug|Any CPU
		{18BAA467-E67B-4DBD-8A6F-8832E07F125E}.Debug|x64.Build.0 = Debug|Any CPU
		{18BAA467-E67B-4DBD-8A6F-8832E07F125E}.Debug|x86.ActiveCfg = Debug|Any CPU
		{18BAA467-E67B-4DBD-8A6F-8832E07F125E}.Debug|x86.Build.0 = Debug|Any CPU
		{18BAA467-E67B-4DBD-8A6F-8832E07F125E}.Release|Any CPU.ActiveCfg = Release|Any CPU
		{18BAA467-E67B-4DBD-8A6F-8832E07F125E}.Release|Any CPU.Build.0 = Release|Any CPU
		{18BAA467-E67B-4DBD-8A6F-8832E07F125E}.Release|x64.ActiveCfg = Release|Any CPU
		{18BAA467-E67B-4DBD-8A6F-8832E07F125E}.Release|x64.Build.0 = Release|Any CPU
		{18BAA467-E67B-4DBD-8A6F-8832E07F125E}.Release|x86.ActiveCfg = Release|Any CPU
		{18BAA467-E67B-4DBD-8A6F-8832E07F125E}.Release|x86.Build.0 = Release|Any CPU
		{2D4B4905-B108-4C56-AA1C-6C069418B114}.Debug|Any CPU.ActiveCfg = Debug|Any CPU
		{2D4B4905-B108-4C56-AA1C-6C069418B114}.Debug|Any CPU.Build.0 = Debug|Any CPU
		{2D4B4905-B108-4C56-AA1C-6C069418B114}.Debug|x64.ActiveCfg = Debug|Any CPU
		{2D4B4905-B108-4C56-AA1C-6C069418B114}.Debug|x64.Build.0 = Debug|Any CPU
		{2D4B4905-B108-4C56-AA1C-6C069418B114}.Debug|x86.ActiveCfg = Debug|Any CPU
		{2D4B4905-B108-4C56-AA1C-6C069418B114}.Debug|x86.Build.0 = Debug|Any CPU
		{2D4B4905-B108-4C56-AA1C-6C069418B114}.Release|Any CPU.ActiveCfg = Release|Any CPU
		{2D4B4905-B108-4C56-AA1C-6C069418B114}.Release|Any CPU.Build.0 = Release|Any CPU
		{2D4B4905-B108-4C56-AA1C-6C069418B114}.Release|x64.ActiveCfg = Release|Any CPU
		{2D4B4905-B108-4C56-AA1C-6C069418B114}.Release|x64.Build.0 = Release|Any CPU
		{2D4B4905-B108-4C56-AA1C-6C069418B114}.Release|x86.ActiveCfg = Release|Any CPU
		{2D4B4905-B108-4C56-AA1C-6C069418B114}.Release|x86.Build.0 = Release|Any CPU
		{DBFA97F1-D933-457A-809B-D639723DE6A2}.Debug|Any CPU.ActiveCfg = Debug|Any CPU
		{DBFA97F1-D933-457A-809B-D639723DE6A2}.Debug|Any CPU.Build.0 = Debug|Any CPU
		{DBFA97F1-D933-457A-809B-D639723DE6A2}.Debug|Any CPU.Deploy.0 = Debug|Any CPU
		{DBFA97F1-D933-457A-809B-D639723DE6A2}.Debug|x64.ActiveCfg = Debug|Any CPU
		{DBFA97F1-D933-457A-809B-D639723DE6A2}.Debug|x64.Build.0 = Debug|Any CPU
		{DBFA97F1-D933-457A-809B-D639723DE6A2}.Debug|x64.Deploy.0 = Debug|Any CPU
		{DBFA97F1-D933-457A-809B-D639723DE6A2}.Debug|x86.ActiveCfg = Debug|Any CPU
		{DBFA97F1-D933-457A-809B-D639723DE6A2}.Debug|x86.Build.0 = Debug|Any CPU
		{DBFA97F1-D933-457A-809B-D639723DE6A2}.Debug|x86.Deploy.0 = Debug|Any CPU
		{DBFA97F1-D933-457A-809B-D639723DE6A2}.Release|Any CPU.ActiveCfg = Release|Any CPU
		{DBFA97F1-D933-457A-809B-D639723DE6A2}.Release|Any CPU.Build.0 = Release|Any CPU
		{DBFA97F1-D933-457A-809B-D639723DE6A2}.Release|Any CPU.Deploy.0 = Release|Any CPU
		{DBFA97F1-D933-457A-809B-D639723DE6A2}.Release|x64.ActiveCfg = Release|Any CPU
		{DBFA97F1-D933-457A-809B-D639723DE6A2}.Release|x64.Build.0 = Release|Any CPU
		{DBFA97F1-D933-457A-809B-D639723DE6A2}.Release|x64.Deploy.0 = Release|Any CPU
		{DBFA97F1-D933-457A-809B-D639723DE6A2}.Release|x86.ActiveCfg = Release|Any CPU
		{DBFA97F1-D933-457A-809B-D639723DE6A2}.Release|x86.Build.0 = Release|Any CPU
		{DBFA97F1-D933-457A-809B-D639723DE6A2}.Release|x86.Deploy.0 = Release|Any CPU
		{6A270A9B-1F06-4E44-986D-26F1197F76D0}.Debug|Any CPU.ActiveCfg = Debug|Any CPU
		{6A270A9B-1F06-4E44-986D-26F1197F76D0}.Debug|Any CPU.Build.0 = Debug|Any CPU
		{6A270A9B-1F06-4E44-986D-26F1197F76D0}.Debug|x64.ActiveCfg = Debug|Any CPU
		{6A270A9B-1F06-4E44-986D-26F1197F76D0}.Debug|x64.Build.0 = Debug|Any CPU
		{6A270A9B-1F06-4E44-986D-26F1197F76D0}.Debug|x86.ActiveCfg = Debug|Any CPU
		{6A270A9B-1F06-4E44-986D-26F1197F76D0}.Debug|x86.Build.0 = Debug|Any CPU
		{6A270A9B-1F06-4E44-986D-26F1197F76D0}.Release|Any CPU.ActiveCfg = Release|Any CPU
		{6A270A9B-1F06-4E44-986D-26F1197F76D0}.Release|Any CPU.Build.0 = Release|Any CPU
		{6A270A9B-1F06-4E44-986D-26F1197F76D0}.Release|x64.ActiveCfg = Release|Any CPU
		{6A270A9B-1F06-4E44-986D-26F1197F76D0}.Release|x64.Build.0 = Release|Any CPU
		{6A270A9B-1F06-4E44-986D-26F1197F76D0}.Release|x86.ActiveCfg = Release|Any CPU
		{6A270A9B-1F06-4E44-986D-26F1197F76D0}.Release|x86.Build.0 = Release|Any CPU
	EndGlobalSection
	GlobalSection(SolutionProperties) = preSolution
		HideSolutionNode = FALSE
	EndGlobalSection
	GlobalSection(NestedProjects) = preSolution
		{5589350A-6A19-49C7-B51D-A3F95B3383F4} = {8EE5F82A-74F3-4634-A49A-6EA6A49A2B4C}
		{6A806C65-75CA-4E25-A2BC-B0F506D7E012} = {5589350A-6A19-49C7-B51D-A3F95B3383F4}
		{8ADE6226-3F54-4941-92F0-269EEF863824} = {5589350A-6A19-49C7-B51D-A3F95B3383F4}
		{1467B542-84C9-4FBB-BAEF-EE9C34398B3D} = {5589350A-6A19-49C7-B51D-A3F95B3383F4}
		{DB1E92D6-D763-443D-8E37-FE70F2A410B5} = {5589350A-6A19-49C7-B51D-A3F95B3383F4}
		{E5BCC4D8-98D6-4A54-974C-D7AE1BC68579} = {DB1E92D6-D763-443D-8E37-FE70F2A410B5}
		{7AE3AEF7-5B2A-4E89-B91D-94DB1F982EC8} = {C275BDEC-91AF-4C14-BB67-CBDF9BDEBEB6}
		{78694ABF-9F62-4ABE-ABE8-FE330DC7061F} = {C275BDEC-91AF-4C14-BB67-CBDF9BDEBEB6}
		{74537E10-5BA4-4AA4-98AB-89F0D057A2A9} = {C275BDEC-91AF-4C14-BB67-CBDF9BDEBEB6}
		{0FE4FC29-55F7-4860-91F7-68EC31E44962} = {C275BDEC-91AF-4C14-BB67-CBDF9BDEBEB6}
		{74A6F737-2551-40F9-A48D-F71C42F93DC1} = {D853EF6A-6105-40E4-BF58-30BDF02ACB00}
		{B97F0D37-42CB-4773-B484-6D438B074457} = {5589350A-6A19-49C7-B51D-A3F95B3383F4}
		{C9123F98-66D4-4620-82D7-47E2AB326480} = {DB1E92D6-D763-443D-8E37-FE70F2A410B5}
		{18BAA467-E67B-4DBD-8A6F-8832E07F125E} = {A2668572-B0F9-43BC-8C31-0F8A6EB9812E}
		{A2668572-B0F9-43BC-8C31-0F8A6EB9812E} = {C275BDEC-91AF-4C14-BB67-CBDF9BDEBEB6}
		{EA94888D-7995-4762-9DB4-A05ACEFEC2D8} = {8EE5F82A-74F3-4634-A49A-6EA6A49A2B4C}
		{6B9C6C07-4699-46CB-89C8-80651E848ACB} = {EA94888D-7995-4762-9DB4-A05ACEFEC2D8}
		{2D4B4905-B108-4C56-AA1C-6C069418B114} = {6B9C6C07-4699-46CB-89C8-80651E848ACB}
		{DBFA97F1-D933-457A-809B-D639723DE6A2} = {C275BDEC-91AF-4C14-BB67-CBDF9BDEBEB6}
		{6A270A9B-1F06-4E44-986D-26F1197F76D0} = {C275BDEC-91AF-4C14-BB67-CBDF9BDEBEB6}
	EndGlobalSection
	GlobalSection(ExtensibilityGlobals) = postSolution
		SolutionGuid = {5229B162-427B-4EE1-B7DA-DD3256DB2083}
	EndGlobalSection
EndGlobal
